
Microsoft Visual Studio Solution File, Format Version 12.00
# Visual Studio Version 17
VisualStudioVersion = 17.2.32519.379
MinimumVisualStudioVersion = 10.0.40219.1
Project("{FAE04EC0-301F-11D3-BF4B-00C04F79EFBC}") = "CICDMVCApp", "CICDMVCApp\CICDMVCApp.csproj", "{D028587F-C5F7-4D1B-8577-62693049A4C3}"
EndProject
Global
	GlobalSection(SolutionConfigurationPlatforms) = preSolution
		Debug|Any CPU = Debug|Any CPU
		Release|Any CPU = Release|Any CPU
	EndGlobalSection
	GlobalSection(ProjectConfigurationPlatforms) = postSolution
		{D028587F-C5F7-4D1B-8577-62693049A4C3}.Debug|Any CPU.ActiveCfg = Debug|Any CPU
		{D028587F-C5F7-4D1B-8577-62693049A4C3}.Debug|Any CPU.Build.0 = Debug|Any CPU
		{D028587F-C5F7-4D1B-8577-62693049A4C3}.Release|Any CPU.ActiveCfg = Release|Any CPU
		{D028587F-C5F7-4D1B-8577-62693049A4C3}.Release|Any CPU.Build.0 = Release|Any CPU
	EndGlobalSection
	GlobalSection(SolutionProperties) = preSolution
		HideSolutionNode = FALSE
	EndGlobalSection
	GlobalSection(ExtensibilityGlobals) = postSolution
		SolutionGuid = {F73A6C28-07F7-4DB4-A701-4683AC4A9C23}
	EndGlobalSection
EndGlobal
